
Microsoft Visual Studio Solution File, Format Version 12.00
# Visual Studio 15
VisualStudioVersion = 15.0.28307.1831
MinimumVisualStudioVersion = 10.0.40219.1
Project("{FAE04EC0-301F-11D3-BF4B-00C04F79EFBC}") = "flappy bird 2", "flappy bird 2\flappy bird 2.csproj", "{F990A298-A37B-4D1A-8343-C3D9D5A66AA3}"
EndProject
Global
	GlobalSection(SolutionConfigurationPlatforms) = preSolution
		Debug|Any CPU = Debug|Any CPU
		Release|Any CPU = Release|Any CPU
	EndGlobalSection
	GlobalSection(ProjectConfigurationPlatforms) = postSolution
		{F990A298-A37B-4D1A-8343-C3D9D5A66AA3}.Debug|Any CPU.ActiveCfg = Debug|Any CPU
		{F990A298-A37B-4D1A-8343-C3D9D5A66AA3}.Debug|Any CPU.Build.0 = Debug|Any CPU
		{F990A298-A37B-4D1A-8343-C3D9D5A66AA3}.Release|Any CPU.ActiveCfg = Release|Any CPU
		{F990A298-A37B-4D1A-8343-C3D9D5A66AA3}.Release|Any CPU.Build.0 = Release|Any CPU
	EndGlobalSection
	GlobalSection(SolutionProperties) = preSolution
		HideSolutionNode = FALSE
	EndGlobalSection
	GlobalSection(ExtensibilityGlobals) = postSolution
		SolutionGuid = {2F90F2DA-5582-4777-BBA2-8F1B47F7AF1A}
	EndGlobalSection
EndGlobal
